
Microsoft Visual Studio Solution File, Format Version 12.00
# Visual Studio Version 17
VisualStudioVersion = 17.1.32319.34
MinimumVisualStudioVersion = 10.0.40219.1
Project("{FAE04EC0-301F-11D3-BF4B-00C04F79EFBC}") = "YoutubeAPI", "YoutubeAPI.csproj", "{E7CBA54C-D03F-414C-B4AE-80B14A1A2249}"
EndProject
Global
	GlobalSection(SolutionConfigurationPlatforms) = preSolution
		Debug|Any CPU = Debug|Any CPU
		Release|Any CPU = Release|Any CPU
	EndGlobalSection
	GlobalSection(ProjectConfigurationPlatforms) = postSolution
		{E7CBA54C-D03F-414C-B4AE-80B14A1A2249}.Debug|Any CPU.ActiveCfg = Debug|Any CPU
		{E7CBA54C-D03F-414C-B4AE-80B14A1A2249}.Debug|Any CPU.Build.0 = Debug|Any CPU
		{E7CBA54C-D03F-414C-B4AE-80B14A1A2249}.Release|Any CPU.ActiveCfg = Release|Any CPU
		{E7CBA54C-D03F-414C-B4AE-80B14A1A2249}.Release|Any CPU.Build.0 = Release|Any CPU
	EndGlobalSection
	GlobalSection(SolutionProperties) = preSolution
		HideSolutionNode = FALSE
	EndGlobalSection
	GlobalSection(ExtensibilityGlobals) = postSolution
		SolutionGuid = {61E42ADF-0719-4684-91F9-7D69BEBA8E26}
	EndGlobalSection
EndGlobal
